
Microsoft Visual Studio Solution File, Format Version 12.00
# Visual Studio Version 17
VisualStudioVersion = 17.9.34723.18
MinimumVisualStudioVersion = 10.0.40219.1
Project("{8BC9CEB8-8B4A-11D0-8D11-00A0C91BC942}") = "lab1", "GaussSquare\GaussSquare.vcxproj", "{552B283D-6AEE-4A58-BD76-F34A9D906AFA}"
EndProject
Project("{8BC9CEB8-8B4A-11D0-8D11-00A0C91BC942}") = "lab2.1", "SuperPrimeNumber\SuperPrimeNumber.vcxproj", "{6D8B8563-E1C4-4151-A6AB-9DD40DC35F4D}"
EndProject
Project("{8BC9CEB8-8B4A-11D0-8D11-00A0C91BC942}") = "lab2.2", "SNILS\SNILS.vcxproj", "{AC26312A-F87A-4B4E-AFC0-1010392B0BDB}"
EndProject
Project("{8BC9CEB8-8B4A-11D0-8D11-00A0C91BC942}") = "lab2.3", "lab2.3\lab2.3.vcxproj", "{118AF955-6800-4C66-A09C-11A95A04FBBD}"
EndProject
Project("{8BC9CEB8-8B4A-11D0-8D11-00A0C91BC942}") = "lab2.4", "lab2.4\lab2.4.vcxproj", "{CC3563C0-8655-411B-8590-3745F8D6F168}"
EndProject
Project("{8BC9CEB8-8B4A-11D0-8D11-00A0C91BC942}") = "lab3.1", "lab3.1\lab3.1.vcxproj", "{0A95022A-CFE5-433A-BE55-EFF670BE7A58}"
EndProject
Project("{8BC9CEB8-8B4A-11D0-8D11-00A0C91BC942}") = "lab3.2", "lab3.2\lab3.2.vcxproj", "{9145937E-27F7-420A-8F50-3D6F717C22B6}"
EndProject
Project("{8BC9CEB8-8B4A-11D0-8D11-00A0C91BC942}") = "lab4.1", "lab4.1\lab4.1.vcxproj", "{1CB49BE7-623E-4A29-BD44-ABA393831F10}"
EndProject
Project("{8BC9CEB8-8B4A-11D0-8D11-00A0C91BC942}") = "lab4.2", "lab4.2\lab4.2.vcxproj", "{A8108AF3-B5B8-4754-863B-6DF8C12C7457}"
EndProject
Project("{8BC9CEB8-8B4A-11D0-8D11-00A0C91BC942}") = "lab5.1", "lab5.1\lab5.1.vcxproj", "{7A110EC6-65C5-485C-870B-9EE0C714E557}"
EndProject
Project("{8BC9CEB8-8B4A-11D0-8D11-00A0C91BC942}") = "lab5.2", "lab5.2\lab5.2.vcxproj", "{9BEA9BA6-263F-42A5-98E2-50E534D2E08E}"
EndProject
Project("{8BC9CEB8-8B4A-11D0-8D11-00A0C91BC942}") = "lab5.3", "lab5.3\lab5.3.vcxproj", "{46E3750E-255D-4617-B392-272CD272301A}"
EndProject
Project("{8BC9CEB8-8B4A-11D0-8D11-00A0C91BC942}") = "lab5.4", "lab5.4\lab5.4.vcxproj", "{00D9B789-4C94-4DDF-A9F9-EE2E6418D5A1}"
EndProject
Project("{8BC9CEB8-8B4A-11D0-8D11-00A0C91BC942}") = "lab6.1", "lab6.1\lab6.1.vcxproj", "{31E70A99-2D21-4648-B420-019134537A95}"
EndProject
Project("{8BC9CEB8-8B4A-11D0-8D11-00A0C91BC942}") = "lab6.2", "lab6.2\lab6.2.vcxproj", "{3E032409-0E6C-45C6-975D-8EB0E00115A0}"
EndProject
Project("{8BC9CEB8-8B4A-11D0-8D11-00A0C91BC942}") = "lab7.1", "lab7.1\lab7.1.vcxproj", "{4D31E121-671B-46E6-8139-223AFF73FF3B}"
EndProject
Project("{8BC9CEB8-8B4A-11D0-8D11-00A0C91BC942}") = "lab7.2", "lab7.2\lab7.2.vcxproj", "{106B6512-5B3C-4F20-9E7D-92F495EDA4B3}"
EndProject
Project("{8BC9CEB8-8B4A-11D0-8D11-00A0C91BC942}") = "lab7.3", "lab7.3\lab7.3.vcxproj", "{B40769AA-5DFC-4E43-8499-15BFD89963F3}"
EndProject
Project("{8BC9CEB8-8B4A-11D0-8D11-00A0C91BC942}") = "lab8", "lab8\lab8.vcxproj", "{9A93B34B-D5E7-451B-867F-4BAA0378DC73}"
EndProject
Project("{8BC9CEB8-8B4A-11D0-8D11-00A0C91BC942}") = "lab9.1", "lab9.1\lab9.1.vcxproj", "{327BB8D1-46E5-4FC1-B18C-6492CBFB267E}"
EndProject
Project("{8BC9CEB8-8B4A-11D0-8D11-00A0C91BC942}") = "lab9.2", "lab9.2\lab9.2.vcxproj", "{6754F6D6-F9F4-4104-AFAF-CCE7FDA5ED58}"
EndProject
Project("{8BC9CEB8-8B4A-11D0-8D11-00A0C91BC942}") = "lab10", "lab10\lab10.vcxproj", "{B637FDF7-8BD0-4C9C-9C76-1658225B1CC3}"
EndProject
Global
	GlobalSection(SolutionConfigurationPlatforms) = preSolution
		Debug|x64 = Debug|x64
		Debug|x86 = Debug|x86
		Release|x64 = Release|x64
		Release|x86 = Release|x86
	EndGlobalSection
	GlobalSection(ProjectConfigurationPlatforms) = postSolution
		{552B283D-6AEE-4A58-BD76-F34A9D906AFA}.Debug|x64.ActiveCfg = Debug|x64
		{552B283D-6AEE-4A58-BD76-F34A9D906AFA}.Debug|x64.Build.0 = Debug|x64
		{552B283D-6AEE-4A58-BD76-F34A9D906AFA}.Debug|x86.ActiveCfg = Debug|Win32
		{552B283D-6AEE-4A58-BD76-F34A9D906AFA}.Debug|x86.Build.0 = Debug|Win32
		{552B283D-6AEE-4A58-BD76-F34A9D906AFA}.Release|x64.ActiveCfg = Release|x64
		{552B283D-6AEE-4A58-BD76-F34A9D906AFA}.Release|x64.Build.0 = Release|x64
		{552B283D-6AEE-4A58-BD76-F34A9D906AFA}.Release|x86.ActiveCfg = Release|Win32
		{552B283D-6AEE-4A58-BD76-F34A9D906AFA}.Release|x86.Build.0 = Release|Win32
		{6D8B8563-E1C4-4151-A6AB-9DD40DC35F4D}.Debug|x64.ActiveCfg = Debug|x64
		{6D8B8563-E1C4-4151-A6AB-9DD40DC35F4D}.Debug|x64.Build.0 = Debug|x64
		{6D8B8563-E1C4-4151-A6AB-9DD40DC35F4D}.Debug|x86.ActiveCfg = Debug|Win32
		{6D8B8563-E1C4-4151-A6AB-9DD40DC35F4D}.Debug|x86.Build.0 = Debug|Win32
		{6D8B8563-E1C4-4151-A6AB-9DD40DC35F4D}.Release|x64.ActiveCfg = Release|x64
		{6D8B8563-E1C4-4151-A6AB-9DD40DC35F4D}.Release|x64.Build.0 = Release|x64
		{6D8B8563-E1C4-4151-A6AB-9DD40DC35F4D}.Release|x86.ActiveCfg = Release|Win32
		{6D8B8563-E1C4-4151-A6AB-9DD40DC35F4D}.Release|x86.Build.0 = Release|Win32
		{AC26312A-F87A-4B4E-AFC0-1010392B0BDB}.Debug|x64.ActiveCfg = Debug|x64
		{AC26312A-F87A-4B4E-AFC0-1010392B0BDB}.Debug|x64.Build.0 = Debug|x64
		{AC26312A-F87A-4B4E-AFC0-1010392B0BDB}.Debug|x86.ActiveCfg = Debug|Win32
		{AC26312A-F87A-4B4E-AFC0-1010392B0BDB}.Debug|x86.Build.0 = Debug|Win32
		{AC26312A-F87A-4B4E-AFC0-1010392B0BDB}.Release|x64.ActiveCfg = Release|x64
		{AC26312A-F87A-4B4E-AFC0-1010392B0BDB}.Release|x64.Build.0 = Release|x64
		{AC26312A-F87A-4B4E-AFC0-1010392B0BDB}.Release|x86.ActiveCfg = Release|Win32
		{AC26312A-F87A-4B4E-AFC0-1010392B0BDB}.Release|x86.Build.0 = Release|Win32
		{118AF955-6800-4C66-A09C-11A95A04FBBD}.Debug|x64.ActiveCfg = Debug|x64
		{118AF955-6800-4C66-A09C-11A95A04FBBD}.Debug|x64.Build.0 = Debug|x64
		{118AF955-6800-4C66-A09C-11A95A04FBBD}.Debug|x86.ActiveCfg = Debug|Win32
		{118AF955-6800-4C66-A09C-11A95A04FBBD}.Debug|x86.Build.0 = Debug|Win32
		{118AF955-6800-4C66-A09C-11A95A04FBBD}.Release|x64.ActiveCfg = Release|x64
		{118AF955-6800-4C66-A09C-11A95A04FBBD}.Release|x64.Build.0 = Release|x64
		{118AF955-6800-4C66-A09C-11A95A04FBBD}.Release|x86.ActiveCfg = Release|Win32
		{118AF955-6800-4C66-A09C-11A95A04FBBD}.Release|x86.Build.0 = Release|Win32
		{CC3563C0-8655-411B-8590-3745F8D6F168}.Debug|x64.ActiveCfg = Debug|x64
		{CC3563C0-8655-411B-8590-3745F8D6F168}.Debug|x64.Build.0 = Debug|x64
		{CC3563C0-8655-411B-8590-3745F8D6F168}.Debug|x86.ActiveCfg = Debug|Win32
		{CC3563C0-8655-411B-8590-3745F8D6F168}.Debug|x86.Build.0 = Debug|Win32
		{CC3563C0-8655-411B-8590-3745F8D6F168}.Release|x64.ActiveCfg = Release|x64
		{CC3563C0-8655-411B-8590-3745F8D6F168}.Release|x64.Build.0 = Release|x64
		{CC3563C0-8655-411B-8590-3745F8D6F168}.Release|x86.ActiveCfg = Release|Win32
		{CC3563C0-8655-411B-8590-3745F8D6F168}.Release|x86.Build.0 = Release|Win32
		{0A95022A-CFE5-433A-BE55-EFF670BE7A58}.Debug|x64.ActiveCfg = Debug|x64
		{0A95022A-CFE5-433A-BE55-EFF670BE7A58}.Debug|x64.Build.0 = Debug|x64
		{0A95022A-CFE5-433A-BE55-EFF670BE7A58}.Debug|x86.ActiveCfg = Debug|Win32
		{0A95022A-CFE5-433A-BE55-EFF670BE7A58}.Debug|x86.Build.0 = Debug|Win32
		{0A95022A-CFE5-433A-BE55-EFF670BE7A58}.Release|x64.ActiveCfg = Release|x64
		{0A95022A-CFE5-433A-BE55-EFF670BE7A58}.Release|x64.Build.0 = Release|x64
		{0A95022A-CFE5-433A-BE55-EFF670BE7A58}.Release|x86.ActiveCfg = Release|Win32
		{0A95022A-CFE5-433A-BE55-EFF670BE7A58}.Release|x86.Build.0 = Release|Win32
		{9145937E-27F7-420A-8F50-3D6F717C22B6}.Debug|x64.ActiveCfg = Debug|x64
		{9145937E-27F7-420A-8F50-3D6F717C22B6}.Debug|x64.Build.0 = Debug|x64
		{9145937E-27F7-420A-8F50-3D6F717C22B6}.Debug|x86.ActiveCfg = Debug|Win32
		{9145937E-27F7-420A-8F50-3D6F717C22B6}.Debug|x86.Build.0 = Debug|Win32
		{9145937E-27F7-420A-8F50-3D6F717C22B6}.Release|x64.ActiveCfg = Release|x64
		{9145937E-27F7-420A-8F50-3D6F717C22B6}.Release|x64.Build.0 = Release|x64
		{9145937E-27F7-420A-8F50-3D6F717C22B6}.Release|x86.ActiveCfg = Release|Win32
		{9145937E-27F7-420A-8F50-3D6F717C22B6}.Release|x86.Build.0 = Release|Win32
		{1CB49BE7-623E-4A29-BD44-ABA393831F10}.Debug|x64.ActiveCfg = Debug|x64
		{1CB49BE7-623E-4A29-BD44-ABA393831F10}.Debug|x64.Build.0 = Debug|x64
		{1CB49BE7-623E-4A29-BD44-ABA393831F10}.Debug|x86.ActiveCfg = Debug|Win32
		{1CB49BE7-623E-4A29-BD44-ABA393831F10}.Debug|x86.Build.0 = Debug|Win32
		{1CB49BE7-623E-4A29-BD44-ABA393831F10}.Release|x64.ActiveCfg = Release|x64
		{1CB49BE7-623E-4A29-BD44-ABA393831F10}.Release|x64.Build.0 = Release|x64
		{1CB49BE7-623E-4A29-BD44-ABA393831F10}.Release|x86.ActiveCfg = Release|Win32
		{1CB49BE7-623E-4A29-BD44-ABA393831F10}.Release|x86.Build.0 = Release|Win32
		{A8108AF3-B5B8-4754-863B-6DF8C12C7457}.Debug|x64.ActiveCfg = Debug|x64
		{A8108AF3-B5B8-4754-863B-6DF8C12C7457}.Debug|x64.Build.0 = Debug|x64
		{A8108AF3-B5B8-4754-863B-6DF8C12C7457}.Debug|x86.ActiveCfg = Debug|Win32
		{A8108AF3-B5B8-4754-863B-6DF8C12C7457}.Debug|x86.Build.0 = Debug|Win32
		{A8108AF3-B5B8-4754-863B-6DF8C12C7457}.Release|x64.ActiveCfg = Release|x64
		{A8108AF3-B5B8-4754-863B-6DF8C12C7457}.Release|x64.Build.0 = Release|x64
		{A8108AF3-B5B8-4754-863B-6DF8C12C7457}.Release|x86.ActiveCfg = Release|Win32
		{A8108AF3-B5B8-4754-863B-6DF8C12C7457}.Release|x86.Build.0 = Release|Win32
		{7A110EC6-65C5-485C-870B-9EE0C714E557}.Debug|x64.ActiveCfg = Debug|x64
		{7A110EC6-65C5-485C-870B-9EE0C714E557}.Debug|x64.Build.0 = Debug|x64
		{7A110EC6-65C5-485C-870B-9EE0C714E557}.Debug|x86.ActiveCfg = Debug|Win32
		{7A110EC6-65C5-485C-870B-9EE0C714E557}.Debug|x86.Build.0 = Debug|Win32
		{7A110EC6-65C5-485C-870B-9EE0C714E557}.Release|x64.ActiveCfg = Release|x64
		{7A110EC6-65C5-485C-870B-9EE0C714E557}.Release|x64.Build.0 = Release|x64
		{7A110EC6-65C5-485C-870B-9EE0C714E557}.Release|x86.ActiveCfg = Release|Win32
		{7A110EC6-65C5-485C-870B-9EE0C714E557}.Release|x86.Build.0 = Release|Win32
		{9BEA9BA6-263F-42A5-98E2-50E534D2E08E}.Debug|x64.ActiveCfg = Debug|x64
		{9BEA9BA6-263F-42A5-98E2-50E534D2E08E}.Debug|x64.Build.0 = Debug|x64
		{9BEA9BA6-263F-42A5-98E2-50E534D2E08E}.Debug|x86.ActiveCfg = Debug|Win32
		{9BEA9BA6-263F-42A5-98E2-50E534D2E08E}.Debug|x86.Build.0 = Debug|Win32
		{9BEA9BA6-263F-42A5-98E2-50E534D2E08E}.Release|x64.ActiveCfg = Release|x64
		{9BEA9BA6-263F-42A5-98E2-50E534D2E08E}.Release|x64.Build.0 = Release|x64
		{9BEA9BA6-263F-42A5-98E2-50E534D2E08E}.Release|x86.ActiveCfg = Release|Win32
		{9BEA9BA6-263F-42A5-98E2-50E534D2E08E}.Release|x86.Build.0 = Release|Win32
		{46E3750E-255D-4617-B392-272CD272301A}.Debug|x64.ActiveCfg = Debug|x64
		{46E3750E-255D-4617-B392-272CD272301A}.Debug|x64.Build.0 = Debug|x64
		{46E3750E-255D-4617-B392-272CD272301A}.Debug|x86.ActiveCfg = Debug|Win32
		{46E3750E-255D-4617-B392-272CD272301A}.Debug|x86.Build.0 = Debug|Win32
		{46E3750E-255D-4617-B392-272CD272301A}.Release|x64.ActiveCfg = Release|x64
		{46E3750E-255D-4617-B392-272CD272301A}.Release|x64.Build.0 = Release|x64
		{46E3750E-255D-4617-B392-272CD272301A}.Release|x86.ActiveCfg = Release|Win32
		{46E3750E-255D-4617-B392-272CD272301A}.Release|x86.Build.0 = Release|Win32
		{00D9B789-4C94-4DDF-A9F9-EE2E6418D5A1}.Debug|x64.ActiveCfg = Debug|x64
		{00D9B789-4C94-4DDF-A9F9-EE2E6418D5A1}.Debug|x64.Build.0 = Debug|x64
		{00D9B789-4C94-4DDF-A9F9-EE2E6418D5A1}.Debug|x86.ActiveCfg = Debug|Win32
		{00D9B789-4C94-4DDF-A9F9-EE2E6418D5A1}.Debug|x86.Build.0 = Debug|Win32
		{00D9B789-4C94-4DDF-A9F9-EE2E6418D5A1}.Release|x64.ActiveCfg = Release|x64
		{00D9B789-4C94-4DDF-A9F9-EE2E6418D5A1}.Release|x64.Build.0 = Release|x64
		{00D9B789-4C94-4DDF-A9F9-EE2E6418D5A1}.Release|x86.ActiveCfg = Release|Win32
		{00D9B789-4C94-4DDF-A9F9-EE2E6418D5A1}.Release|x86.Build.0 = Release|Win32
		{31E70A99-2D21-4648-B420-019134537A95}.Debug|x64.ActiveCfg = Debug|x64
		{31E70A99-2D21-4648-B420-019134537A95}.Debug|x64.Build.0 = Debug|x64
		{31E70A99-2D21-4648-B420-019134537A95}.Debug|x86.ActiveCfg = Debug|Win32
		{31E70A99-2D21-4648-B420-019134537A95}.Debug|x86.Build.0 = Debug|Win32
		{31E70A99-2D21-4648-B420-019134537A95}.Release|x64.ActiveCfg = Release|x64
		{31E70A99-2D21-4648-B420-019134537A95}.Release|x64.Build.0 = Release|x64
		{31E70A99-2D21-4648-B420-019134537A95}.Release|x86.ActiveCfg = Release|Win32
		{31E70A99-2D21-4648-B420-019134537A95}.Release|x86.Build.0 = Release|Win32
		{3E032409-0E6C-45C6-975D-8EB0E00115A0}.Debug|x64.ActiveCfg = Debug|x64
		{3E032409-0E6C-45C6-975D-8EB0E00115A0}.Debug|x64.Build.0 = Debug|x64
		{3E032409-0E6C-45C6-975D-8EB0E00115A0}.Debug|x86.ActiveCfg = Debug|Win32
		{3E032409-0E6C-45C6-975D-8EB0E00115A0}.Debug|x86.Build.0 = Debug|Win32
		{3E032409-0E6C-45C6-975D-8EB0E00115A0}.Release|x64.ActiveCfg = Release|x64
		{3E032409-0E6C-45C6-975D-8EB0E00115A0}.Release|x64.Build.0 = Release|x64
		{3E032409-0E6C-45C6-975D-8EB0E00115A0}.Release|x86.ActiveCfg = Release|Win32
		{3E032409-0E6C-45C6-975D-8EB0E00115A0}.Release|x86.Build.0 = Release|Win32
		{4D31E121-671B-46E6-8139-223AFF73FF3B}.Debug|x64.ActiveCfg = Debug|x64
		{4D31E121-671B-46E6-8139-223AFF73FF3B}.Debug|x64.Build.0 = Debug|x64
		{4D31E121-671B-46E6-8139-223AFF73FF3B}.Debug|x86.ActiveCfg = Debug|Win32
		{4D31E121-671B-46E6-8139-223AFF73FF3B}.Debug|x86.Build.0 = Debug|Win32
		{4D31E121-671B-46E6-8139-223AFF73FF3B}.Release|x64.ActiveCfg = Release|x64
		{4D31E121-671B-46E6-8139-223AFF73FF3B}.Release|x64.Build.0 = Release|x64
		{4D31E121-671B-46E6-8139-223AFF73FF3B}.Release|x86.ActiveCfg = Release|Win32
		{4D31E121-671B-46E6-8139-223AFF73FF3B}.Release|x86.Build.0 = Release|Win32
		{106B6512-5B3C-4F20-9E7D-92F495EDA4B3}.Debug|x64.ActiveCfg = Debug|x64
		{106B6512-5B3C-4F20-9E7D-92F495EDA4B3}.Debug|x64.Build.0 = Debug|x64
		{106B6512-5B3C-4F20-9E7D-92F495EDA4B3}.Debug|x86.ActiveCfg = Debug|Win32
		{106B6512-5B3C-4F20-9E7D-92F495EDA4B3}.Debug|x86.Build.0 = Debug|Win32
		{106B6512-5B3C-4F20-9E7D-92F495EDA4B3}.Release|x64.ActiveCfg = Release|x64
		{106B6512-5B3C-4F20-9E7D-92F495EDA4B3}.Release|x64.Build.0 = Release|x64
		{106B6512-5B3C-4F20-9E7D-92F495EDA4B3}.Release|x86.ActiveCfg = Release|Win32
		{106B6512-5B3C-4F20-9E7D-92F495EDA4B3}.Release|x86.Build.0 = Release|Win32
		{B40769AA-5DFC-4E43-8499-15BFD89963F3}.Debug|x64.ActiveCfg = Debug|x64
		{B40769AA-5DFC-4E43-8499-15BFD89963F3}.Debug|x64.Build.0 = Debug|x64
		{B40769AA-5DFC-4E43-8499-15BFD89963F3}.Debug|x86.ActiveCfg = Debug|Win32
		{B40769AA-5DFC-4E43-8499-15BFD89963F3}.Debug|x86.Build.0 = Debug|Win32
		{B40769AA-5DFC-4E43-8499-15BFD89963F3}.Release|x64.ActiveCfg = Release|x64
		{B40769AA-5DFC-4E43-8499-15BFD89963F3}.Release|x64.Build.0 = Release|x64
		{B40769AA-5DFC-4E43-8499-15BFD89963F3}.Release|x86.ActiveCfg = Release|Win32
		{B40769AA-5DFC-4E43-8499-15BFD89963F3}.Release|x86.Build.0 = Release|Win32
		{9A93B34B-D5E7-451B-867F-4BAA0378DC73}.Debug|x64.ActiveCfg = Debug|x64
		{9A93B34B-D5E7-451B-867F-4BAA0378DC73}.Debug|x64.Build.0 = Debug|x64
		{9A93B34B-D5E7-451B-867F-4BAA0378DC73}.Debug|x86.ActiveCfg = Debug|Win32
		{9A93B34B-D5E7-451B-867F-4BAA0378DC73}.Debug|x86.Build.0 = Debug|Win32
		{9A93B34B-D5E7-451B-867F-4BAA0378DC73}.Release|x64.ActiveCfg = Release|x64
		{9A93B34B-D5E7-451B-867F-4BAA0378DC73}.Release|x64.Build.0 = Release|x64
		{9A93B34B-D5E7-451B-867F-4BAA0378DC73}.Release|x86.ActiveCfg = Release|Win32
		{9A93B34B-D5E7-451B-867F-4BAA0378DC73}.Release|x86.Build.0 = Release|Win32
		{327BB8D1-46E5-4FC1-B18C-6492CBFB267E}.Debug|x64.ActiveCfg = Debug|x64
		{327BB8D1-46E5-4FC1-B18C-6492CBFB267E}.Debug|x64.Build.0 = Debug|x64
		{327BB8D1-46E5-4FC1-B18C-6492CBFB267E}.Debug|x86.ActiveCfg = Debug|Win32
		{327BB8D1-46E5-4FC1-B18C-6492CBFB267E}.Debug|x86.Build.0 = Debug|Win32
		{327BB8D1-46E5-4FC1-B18C-6492CBFB267E}.Release|x64.ActiveCfg = Release|x64
		{327BB8D1-46E5-4FC1-B18C-6492CBFB267E}.Release|x64.Build.0 = Release|x64
		{327BB8D1-46E5-4FC1-B18C-6492CBFB267E}.Release|x86.ActiveCfg = Release|Win32
		{327BB8D1-46E5-4FC1-B18C-6492CBFB267E}.Release|x86.Build.0 = Release|Win32
		{6754F6D6-F9F4-4104-AFAF-CCE7FDA5ED58}.Debug|x64.ActiveCfg = Debug|x64
		{6754F6D6-F9F4-4104-AFAF-CCE7FDA5ED58}.Debug|x64.Build.0 = Debug|x64
		{6754F6D6-F9F4-4104-AFAF-CCE7FDA5ED58}.Debug|x86.ActiveCfg = Debug|Win32
		{6754F6D6-F9F4-4104-AFAF-CCE7FDA5ED58}.Debug|x86.Build.0 = Debug|Win32
		{6754F6D6-F9F4-4104-AFAF-CCE7FDA5ED58}.Release|x64.ActiveCfg = Release|x64
		{6754F6D6-F9F4-4104-AFAF-CCE7FDA5ED58}.Release|x64.Build.0 = Release|x64
		{6754F6D6-F9F4-4104-AFAF-CCE7FDA5ED58}.Release|x86.ActiveCfg = Release|Win32
		{6754F6D6-F9F4-4104-AFAF-CCE7FDA5ED58}.Release|x86.Build.0 = Release|Win32
		{B637FDF7-8BD0-4C9C-9C76-1658225B1CC3}.Debug|x64.ActiveCfg = Debug|x64
		{B637FDF7-8BD0-4C9C-9C76-1658225B1CC3}.Debug|x64.Build.0 = Debug|x64
		{B637FDF7-8BD0-4C9C-9C76-1658225B1CC3}.Debug|x86.ActiveCfg = Debug|Win32
		{B637FDF7-8BD0-4C9C-9C76-1658225B1CC3}.Debug|x86.Build.0 = Debug|Win32
		{B637FDF7-8BD0-4C9C-9C76-1658225B1CC3}.Release|x64.ActiveCfg = Release|x64
		{B637FDF7-8BD0-4C9C-9C76-1658225B1CC3}.Release|x64.Build.0 = Release|x64
		{B637FDF7-8BD0-4C9C-9C76-1658225B1CC3}.Release|x86.ActiveCfg = Release|Win32
		{B637FDF7-8BD0-4C9C-9C76-1658225B1CC3}.Release|x86.Build.0 = Release|Win32
	EndGlobalSection
	GlobalSection(SolutionProperties) = preSolution
		HideSolutionNode = FALSE
	EndGlobalSection
	GlobalSection(ExtensibilityGlobals) = postSolution
		SolutionGuid = {8A7B1ABD-CC66-4CD9-88C3-F65D20F1540F}
	EndGlobalSection
EndGlobal
